// !$*UTF8*$!
{
	archiveVersion = 1;
	classes = {
	};
	objectVersion = 50;
	objects = {

/* Begin PBXBuildFile section */
		A535A0972695BD2D00713165 /* Main.storyboard in Resources */ = {isa = PBXBuildFile; fileRef = A535A0962695BD2D00713165 /* Main.storyboard */; };
		A535A0AF2695DB7200713165 /* 06 Good Thing.mp3 in Resources */ = {isa = PBXBuildFile; fileRef = A535A09B2695DB7100713165 /* 06 Good Thing.mp3 */; };
		A535A0B02695DB7200713165 /* 보아 (BoA)-10-Green Light-320.mp3 in Resources */ = {isa = PBXBuildFile; fileRef = A535A09C2695DB7100713165 /* 보아 (BoA)-10-Green Light-320.mp3 */; };
		A535A0B12695DB7200713165 /* 보아 (BoA)-11-Hello-320.mp3 in Resources */ = {isa = PBXBuildFile; fileRef = A535A09D2695DB7100713165 /* 보아 (BoA)-11-Hello-320.mp3 */; };
		A535A0B22695DB7200713165 /* 보아 (BoA)-06-Double Jack (Feat. 에디킴)-320.mp3 in Resources */ = {isa = PBXBuildFile; fileRef = A535A09E2695DB7100713165 /* 보아 (BoA)-06-Double Jack (Feat. 에디킴)-320.mp3 */; };
		A535A0B32695DB7200713165 /* f(x) - 4 Walls [FRNK of XXX Remix].mp3 in Resources */ = {isa = PBXBuildFile; fileRef = A535A09F2695DB7200713165 /* f(x) - 4 Walls [FRNK of XXX Remix].mp3 */; };
		A535A0B42695DB7200713165 /* 04 Hands on Me.mp3 in Resources */ = {isa = PBXBuildFile; fileRef = A535A0A02695DB7200713165 /* 04 Hands on Me.mp3 */; };
		A535A0B52695DB7200713165 /* f(x) - 4 Walls [250 Blue Remix].mp3 in Resources */ = {isa = PBXBuildFile; fileRef = A535A0A12695DB7200713165 /* f(x) - 4 Walls [250 Blue Remix].mp3 */; };
		A535A0B62695DB7200713165 /* 보아 (BoA)-05-Fox-320.mp3 in Resources */ = {isa = PBXBuildFile; fileRef = A535A0A22695DB7200713165 /* 보아 (BoA)-05-Fox-320.mp3 */; };
		A535A0B72695DB7200713165 /* 보아 (BoA)-09-Love and Hate-320.mp3 in Resources */ = {isa = PBXBuildFile; fileRef = A535A0A32695DB7200713165 /* 보아 (BoA)-09-Love and Hate-320.mp3 */; };
		A535A0B82695DB7200713165 /* 07 Night.mp3 in Resources */ = {isa = PBXBuildFile; fileRef = A535A0A42695DB7200713165 /* 07 Night.mp3 */; };
		A535A0B92695DB7200713165 /* 보아 (BoA)-01-Kiss My Lips-320.mp3 in Resources */ = {isa = PBXBuildFile; fileRef = A535A0A52695DB7200713165 /* 보아 (BoA)-01-Kiss My Lips-320.mp3 */; };
		A535A0BA2695DB7200713165 /* 보아 (BoA)-02-Who Are You (Feat. 개코)-320.mp3 in Resources */ = {isa = PBXBuildFile; fileRef = A535A0A62695DB7200713165 /* 보아 (BoA)-02-Who Are You (Feat. 개코)-320.mp3 */; };
		A535A0BB2695DB7200713165 /* 보아 (BoA)-08-Clockwork-320.mp3 in Resources */ = {isa = PBXBuildFile; fileRef = A535A0A72695DB7200713165 /* 보아 (BoA)-08-Clockwork-320.mp3 */; };
		A535A0BC2695DB7200713165 /* f(x) - 4 Walls [250 Remix].mp3 in Resources */ = {isa = PBXBuildFile; fileRef = A535A0A82695DB7200713165 /* f(x) - 4 Walls [250 Remix].mp3 */; };
		A535A0BD2695DB7200713165 /* 보아 (BoA)-07-Home-320.mp3 in Resources */ = {isa = PBXBuildFile; fileRef = A535A0A92695DB7200713165 /* 보아 (BoA)-07-Home-320.mp3 */; };
		A535A0BE2695DB7200713165 /* 보아 (BoA)-03-Smash-320.mp3 in Resources */ = {isa = PBXBuildFile; fileRef = A535A0AA2695DB7200713165 /* 보아 (BoA)-03-Smash-320.mp3 */; };
		A535A0BF2695DB7200713165 /* 보아 (BoA)-04-Shattered-320.mp3 in Resources */ = {isa = PBXBuildFile; fileRef = A535A0AB2695DB7200713165 /* 보아 (BoA)-04-Shattered-320.mp3 */; };
		A535A0C02695DB7200713165 /* 01 Why.mp3 in Resources */ = {isa = PBXBuildFile; fileRef = A535A0AC2695DB7200713165 /* 01 Why.mp3 */; };
		A535A0C12695DB7200713165 /* 보아 (BoA)-12-Blah-320.mp3 in Resources */ = {isa = PBXBuildFile; fileRef = A535A0AD2695DB7200713165 /* 보아 (BoA)-12-Blah-320.mp3 */; };
		A535A0C22695DB7200713165 /* 01. Rain.mp3 in Resources */ = {isa = PBXBuildFile; fileRef = A535A0AE2695DB7200713165 /* 01. Rain.mp3 */; };
		A535A0C42695EB7F00713165 /* Track.swift in Sources */ = {isa = PBXBuildFile; fileRef = A535A0C32695EB7F00713165 /* Track.swift */; };
		A535A0C62695ECEB00713165 /* ExtensionAVPlayerItem.swift in Sources */ = {isa = PBXBuildFile; fileRef = A535A0C52695ECEB00713165 /* ExtensionAVPlayerItem.swift */; };
		A535A0C82695F66A00713165 /* TrackCollectionViewHeader.swift in Sources */ = {isa = PBXBuildFile; fileRef = A535A0C72695F66A00713165 /* TrackCollectionViewHeader.swift */; };
		A535A0CA2695F68600713165 /* TrackTableViewCell.swift in Sources */ = {isa = PBXBuildFile; fileRef = A535A0C92695F68600713165 /* TrackTableViewCell.swift */; };
		A5A574B526931F5200077249 /* AppDelegate.swift in Sources */ = {isa = PBXBuildFile; fileRef = A5A574B426931F5200077249 /* AppDelegate.swift */; };
		A5A574B726931F5200077249 /* SceneDelegate.swift in Sources */ = {isa = PBXBuildFile; fileRef = A5A574B626931F5200077249 /* SceneDelegate.swift */; };
		A5A574B926931F5200077249 /* HomeViewController.swift in Sources */ = {isa = PBXBuildFile; fileRef = A5A574B826931F5200077249 /* HomeViewController.swift */; };
		A5A574BE26931F5300077249 /* Assets.xcassets in Resources */ = {isa = PBXBuildFile; fileRef = A5A574BD26931F5300077249 /* Assets.xcassets */; };
		A5A574C126931F5300077249 /* LaunchScreen.storyboard in Resources */ = {isa = PBXBuildFile; fileRef = A5A574BF26931F5300077249 /* LaunchScreen.storyboard */; };
		A5A574DB26938BF600077249 /* TrackManager.swift in Sources */ = {isa = PBXBuildFile; fileRef = A5A574DA26938BF600077249 /* TrackManager.swift */; };
		A5E3CA63269EB2960074D26B /* Player.storyboard in Resources */ = {isa = PBXBuildFile; fileRef = A5E3CA62269EB2960074D26B /* Player.storyboard */; };
		A5E3CA65269EB2CC0074D26B /* PlayerViewController.swift in Sources */ = {isa = PBXBuildFile; fileRef = A5E3CA64269EB2CC0074D26B /* PlayerViewController.swift */; };
		A5E3CA67269EB3080074D26B /* SimplePlayer.swift in Sources */ = {isa = PBXBuildFile; fileRef = A5E3CA66269EB3080074D26B /* SimplePlayer.swift */; };
		A5E71B6F269C4612009F81E0 /* 이 여름 Summer_쿨_Forever Cool 10th.mp3 in Resources */ = {isa = PBXBuildFile; fileRef = A5E71B6E269C4612009F81E0 /* 이 여름 Summer_쿨_Forever Cool 10th.mp3 */; };
/* End PBXBuildFile section */

/* Begin PBXFileReference section */
		A535A0962695BD2D00713165 /* Main.storyboard */ = {isa = PBXFileReference; lastKnownFileType = file.storyboard; path = Main.storyboard; sourceTree = "<group>"; };
		A535A09B2695DB7100713165 /* 06 Good Thing.mp3 */ = {isa = PBXFileReference; lastKnownFileType = audio.mp3; path = "06 Good Thing.mp3"; sourceTree = "<group>"; };
		A535A09C2695DB7100713165 /* 보아 (BoA)-10-Green Light-320.mp3 */ = {isa = PBXFileReference; lastKnownFileType = audio.mp3; path = "보아 (BoA)-10-Green Light-320.mp3"; sourceTree = "<group>"; };
		A535A09D2695DB7100713165 /* 보아 (BoA)-11-Hello-320.mp3 */ = {isa = PBXFileReference; lastKnownFileType = audio.mp3; path = "보아 (BoA)-11-Hello-320.mp3"; sourceTree = "<group>"; };
		A535A09E2695DB7100713165 /* 보아 (BoA)-06-Double Jack (Feat. 에디킴)-320.mp3 */ = {isa = PBXFileReference; lastKnownFileType = audio.mp3; path = "보아 (BoA)-06-Double Jack (Feat. 에디킴)-320.mp3"; sourceTree = "<group>"; };
		A535A09F2695DB7200713165 /* f(x) - 4 Walls [FRNK of XXX Remix].mp3 */ = {isa = PBXFileReference; lastKnownFileType = audio.mp3; path = "f(x) - 4 Walls [FRNK of XXX Remix].mp3"; sourceTree = "<group>"; };
		A535A0A02695DB7200713165 /* 04 Hands on Me.mp3 */ = {isa = PBXFileReference; lastKnownFileType = audio.mp3; path = "04 Hands on Me.mp3"; sourceTree = "<group>"; };
		A535A0A12695DB7200713165 /* f(x) - 4 Walls [250 Blue Remix].mp3 */ = {isa = PBXFileReference; lastKnownFileType = audio.mp3; path = "f(x) - 4 Walls [250 Blue Remix].mp3"; sourceTree = "<group>"; };
		A535A0A22695DB7200713165 /* 보아 (BoA)-05-Fox-320.mp3 */ = {isa = PBXFileReference; lastKnownFileType = audio.mp3; path = "보아 (BoA)-05-Fox-320.mp3"; sourceTree = "<group>"; };
		A535A0A32695DB7200713165 /* 보아 (BoA)-09-Love and Hate-320.mp3 */ = {isa = PBXFileReference; lastKnownFileType = audio.mp3; path = "보아 (BoA)-09-Love and Hate-320.mp3"; sourceTree = "<group>"; };
		A535A0A42695DB7200713165 /* 07 Night.mp3 */ = {isa = PBXFileReference; lastKnownFileType = audio.mp3; path = "07 Night.mp3"; sourceTree = "<group>"; };
		A535A0A52695DB7200713165 /* 보아 (BoA)-01-Kiss My Lips-320.mp3 */ = {isa = PBXFileReference; lastKnownFileType = audio.mp3; path = "보아 (BoA)-01-Kiss My Lips-320.mp3"; sourceTree = "<group>"; };
		A535A0A62695DB7200713165 /* 보아 (BoA)-02-Who Are You (Feat. 개코)-320.mp3 */ = {isa = PBXFileReference; lastKnownFileType = audio.mp3; path = "보아 (BoA)-02-Who Are You (Feat. 개코)-320.mp3"; sourceTree = "<group>"; };
		A535A0A72695DB7200713165 /* 보아 (BoA)-08-Clockwork-320.mp3 */ = {isa = PBXFileReference; lastKnownFileType = audio.mp3; path = "보아 (BoA)-08-Clockwork-320.mp3"; sourceTree = "<group>"; };
		A535A0A82695DB7200713165 /* f(x) - 4 Walls [250 Remix].mp3 */ = {isa = PBXFileReference; lastKnownFileType = audio.mp3; path = "f(x) - 4 Walls [250 Remix].mp3"; sourceTree = "<group>"; };
		A535A0A92695DB7200713165 /* 보아 (BoA)-07-Home-320.mp3 */ = {isa = PBXFileReference; lastKnownFileType = audio.mp3; path = "보아 (BoA)-07-Home-320.mp3"; sourceTree = "<group>"; };
		A535A0AA2695DB7200713165 /* 보아 (BoA)-03-Smash-320.mp3 */ = {isa = PBXFileReference; lastKnownFileType = audio.mp3; path = "보아 (BoA)-03-Smash-320.mp3"; sourceTree = "<group>"; };
		A535A0AB2695DB7200713165 /* 보아 (BoA)-04-Shattered-320.mp3 */ = {isa = PBXFileReference; lastKnownFileType = audio.mp3; path = "보아 (BoA)-04-Shattered-320.mp3"; sourceTree = "<group>"; };
		A535A0AC2695DB7200713165 /* 01 Why.mp3 */ = {isa = PBXFileReference; lastKnownFileType = audio.mp3; path = "01 Why.mp3"; sourceTree = "<group>"; };
		A535A0AD2695DB7200713165 /* 보아 (BoA)-12-Blah-320.mp3 */ = {isa = PBXFileReference; lastKnownFileType = audio.mp3; path = "보아 (BoA)-12-Blah-320.mp3"; sourceTree = "<group>"; };
		A535A0AE2695DB7200713165 /* 01. Rain.mp3 */ = {isa = PBXFileReference; lastKnownFileType = audio.mp3; path = "01. Rain.mp3"; sourceTree = "<group>"; };
		A535A0C32695EB7F00713165 /* Track.swift */ = {isa = PBXFileReference; lastKnownFileType = sourcecode.swift; path = Track.swift; sourceTree = "<group>"; };
		A535A0C52695ECEB00713165 /* ExtensionAVPlayerItem.swift */ = {isa = PBXFileReference; lastKnownFileType = sourcecode.swift; path = ExtensionAVPlayerItem.swift; sourceTree = "<group>"; };
		A535A0C72695F66A00713165 /* TrackCollectionViewHeader.swift */ = {isa = PBXFileReference; lastKnownFileType = sourcecode.swift; path = TrackCollectionViewHeader.swift; sourceTree = "<group>"; };
		A535A0C92695F68600713165 /* TrackTableViewCell.swift */ = {isa = PBXFileReference; lastKnownFileType = sourcecode.swift; path = TrackTableViewCell.swift; sourceTree = "<group>"; };
		A5A574B126931F5200077249 /* ios9StMusicApp.app */ = {isa = PBXFileReference; explicitFileType = wrapper.application; includeInIndex = 0; path = ios9StMusicApp.app; sourceTree = BUILT_PRODUCTS_DIR; };
		A5A574B426931F5200077249 /* AppDelegate.swift */ = {isa = PBXFileReference; lastKnownFileType = sourcecode.swift; path = AppDelegate.swift; sourceTree = "<group>"; };
		A5A574B626931F5200077249 /* SceneDelegate.swift */ = {isa = PBXFileReference; lastKnownFileType = sourcecode.swift; path = SceneDelegate.swift; sourceTree = "<group>"; };
		A5A574B826931F5200077249 /* HomeViewController.swift */ = {isa = PBXFileReference; lastKnownFileType = sourcecode.swift; path = HomeViewController.swift; sourceTree = "<group>"; };
		A5A574BD26931F5300077249 /* Assets.xcassets */ = {isa = PBXFileReference; lastKnownFileType = folder.assetcatalog; path = Assets.xcassets; sourceTree = "<group>"; };
		A5A574C026931F5300077249 /* Base */ = {isa = PBXFileReference; lastKnownFileType = file.storyboard; name = Base; path = Base.lproj/LaunchScreen.storyboard; sourceTree = "<group>"; };
		A5A574C226931F5300077249 /* Info.plist */ = {isa = PBXFileReference; lastKnownFileType = text.plist.xml; path = Info.plist; sourceTree = "<group>"; };
		A5A574DA26938BF600077249 /* TrackManager.swift */ = {isa = PBXFileReference; lastKnownFileType = sourcecode.swift; path = TrackManager.swift; sourceTree = "<group>"; };
		A5E3CA62269EB2960074D26B /* Player.storyboard */ = {isa = PBXFileReference; lastKnownFileType = file.storyboard; path = Player.storyboard; sourceTree = "<group>"; };
		A5E3CA64269EB2CC0074D26B /* PlayerViewController.swift */ = {isa = PBXFileReference; lastKnownFileType = sourcecode.swift; path = PlayerViewController.swift; sourceTree = "<group>"; };
		A5E3CA66269EB3080074D26B /* SimplePlayer.swift */ = {isa = PBXFileReference; lastKnownFileType = sourcecode.swift; path = SimplePlayer.swift; sourceTree = "<group>"; };
		A5E71B6E269C4612009F81E0 /* 이 여름 Summer_쿨_Forever Cool 10th.mp3 */ = {isa = PBXFileReference; lastKnownFileType = audio.mp3; path = "이 여름 Summer_쿨_Forever Cool 10th.mp3"; sourceTree = "<group>"; };
		A5E71B70269C6E32009F81E0 /* 02 Temptations.m4a */ = {isa = PBXFileReference; lastKnownFileType = file; path = "02 Temptations.m4a"; sourceTree = "<group>"; };
		A5E71B71269C6E32009F81E0 /* 03 Cloud.m4a */ = {isa = PBXFileReference; lastKnownFileType = file; path = "03 Cloud.m4a"; sourceTree = "<group>"; };
		A5E71B72269C6E32009F81E0 /* 08 Honey & Diamonds.m4a */ = {isa = PBXFileReference; lastKnownFileType = file; path = "08 Honey & Diamonds.m4a"; sourceTree = "<group>"; };
		A5E71B73269C6E32009F81E0 /* 04 All That Jazz.m4a */ = {isa = PBXFileReference; lastKnownFileType = file; path = "04 All That Jazz.m4a"; sourceTree = "<group>"; };
		A5E71B74269C6E32009F81E0 /* 10 Gravity.m4a */ = {isa = PBXFileReference; lastKnownFileType = file; path = "10 Gravity.m4a"; sourceTree = "<group>"; };
		A5E71B75269C6E32009F81E0 /* 06 Cut Me Off.m4a */ = {isa = PBXFileReference; lastKnownFileType = file; path = "06 Cut Me Off.m4a"; sourceTree = "<group>"; };
		A5E71B76269C6E32009F81E0 /* 07 Got Me Good.m4a */ = {isa = PBXFileReference; lastKnownFileType = file; path = "07 Got Me Good.m4a"; sourceTree = "<group>"; };
		A5E71B77269C6E32009F81E0 /* 09 Start Over.m4a */ = {isa = PBXFileReference; lastKnownFileType = file; path = "09 Start Over.m4a"; sourceTree = "<group>"; };
		A5E71B78269C6E32009F81E0 /* 11 Little Bird.m4a */ = {isa = PBXFileReference; lastKnownFileType = file; path = "11 Little Bird.m4a"; sourceTree = "<group>"; };
/* End PBXFileReference section */

/* Begin PBXFrameworksBuildPhase section */
		A5A574AE26931F5200077249 /* Frameworks */ = {
			isa = PBXFrameworksBuildPhase;
			buildActionMask = 2147483647;
			files = (
			);
			runOnlyForDeploymentPostprocessing = 0;
		};
/* End PBXFrameworksBuildPhase section */

/* Begin PBXGroup section */
		A535A09A2695DAA400713165 /* Resources */ = {
			isa = PBXGroup;
			children = (
				A5E71B70269C6E32009F81E0 /* 02 Temptations.m4a */,
				A5E71B71269C6E32009F81E0 /* 03 Cloud.m4a */,
				A5E71B73269C6E32009F81E0 /* 04 All That Jazz.m4a */,
				A5E71B75269C6E32009F81E0 /* 06 Cut Me Off.m4a */,
				A5E71B76269C6E32009F81E0 /* 07 Got Me Good.m4a */,
				A5E71B72269C6E32009F81E0 /* 08 Honey & Diamonds.m4a */,
				A5E71B77269C6E32009F81E0 /* 09 Start Over.m4a */,
				A5E71B74269C6E32009F81E0 /* 10 Gravity.m4a */,
				A5E71B78269C6E32009F81E0 /* 11 Little Bird.m4a */,
				A5E71B6E269C4612009F81E0 /* 이 여름 Summer_쿨_Forever Cool 10th.mp3 */,
				A535A0AC2695DB7200713165 /* 01 Why.mp3 */,
				A535A0AE2695DB7200713165 /* 01. Rain.mp3 */,
				A535A0A02695DB7200713165 /* 04 Hands on Me.mp3 */,
				A535A09B2695DB7100713165 /* 06 Good Thing.mp3 */,
				A535A0A42695DB7200713165 /* 07 Night.mp3 */,
				A535A0A52695DB7200713165 /* 보아 (BoA)-01-Kiss My Lips-320.mp3 */,
				A535A0A62695DB7200713165 /* 보아 (BoA)-02-Who Are You (Feat. 개코)-320.mp3 */,
				A535A0AA2695DB7200713165 /* 보아 (BoA)-03-Smash-320.mp3 */,
				A535A0AB2695DB7200713165 /* 보아 (BoA)-04-Shattered-320.mp3 */,
				A535A0A22695DB7200713165 /* 보아 (BoA)-05-Fox-320.mp3 */,
				A535A09E2695DB7100713165 /* 보아 (BoA)-06-Double Jack (Feat. 에디킴)-320.mp3 */,
				A535A0A92695DB7200713165 /* 보아 (BoA)-07-Home-320.mp3 */,
				A535A0A72695DB7200713165 /* 보아 (BoA)-08-Clockwork-320.mp3 */,
				A535A0A32695DB7200713165 /* 보아 (BoA)-09-Love and Hate-320.mp3 */,
				A535A09C2695DB7100713165 /* 보아 (BoA)-10-Green Light-320.mp3 */,
				A535A09D2695DB7100713165 /* 보아 (BoA)-11-Hello-320.mp3 */,
				A535A0AD2695DB7200713165 /* 보아 (BoA)-12-Blah-320.mp3 */,
				A535A0A12695DB7200713165 /* f(x) - 4 Walls [250 Blue Remix].mp3 */,
				A535A0A82695DB7200713165 /* f(x) - 4 Walls [250 Remix].mp3 */,
				A535A09F2695DB7200713165 /* f(x) - 4 Walls [FRNK of XXX Remix].mp3 */,
			);
			path = Resources;
			sourceTree = "<group>";
		};
		A5A574A826931F5200077249 = {
			isa = PBXGroup;
			children = (
				A5A574B326931F5200077249 /* ios9StMusicApp */,
				A5A574B226931F5200077249 /* Products */,
			);
			sourceTree = "<group>";
		};
		A5A574B226931F5200077249 /* Products */ = {
			isa = PBXGroup;
			children = (
				A5A574B126931F5200077249 /* ios9StMusicApp.app */,
			);
			name = Products;
			sourceTree = "<group>";
		};
		A5A574B326931F5200077249 /* ios9StMusicApp */ = {
			isa = PBXGroup;
			children = (
				A5A574C826936AD000077249 /* Home */,
				A5A574C926936AE100077249 /* Player */,
				A5A574CA26936AE700077249 /* Track */,
				A5A574B426931F5200077249 /* AppDelegate.swift */,
				A5A574B626931F5200077249 /* SceneDelegate.swift */,
				A5A574BD26931F5300077249 /* Assets.xcassets */,
				A5A574BF26931F5300077249 /* LaunchScreen.storyboard */,
				A5A574C226931F5300077249 /* Info.plist */,
				A5A574CB26936B0200077249 /* Style */,
				A535A09A2695DAA400713165 /* Resources */,
			);
			path = ios9StMusicApp;
			sourceTree = "<group>";
		};
		A5A574C826936AD000077249 /* Home */ = {
			isa = PBXGroup;
			children = (
				A5A574B826931F5200077249 /* HomeViewController.swift */,
				A535A0962695BD2D00713165 /* Main.storyboard */,
				A535A0C92695F68600713165 /* TrackTableViewCell.swift */,
				A535A0C72695F66A00713165 /* TrackCollectionViewHeader.swift */,
			);
			path = Home;
			sourceTree = "<group>";
		};
		A5A574C926936AE100077249 /* Player */ = {
			isa = PBXGroup;
			children = (
				A5E3CA62269EB2960074D26B /* Player.storyboard */,
				A5E3CA64269EB2CC0074D26B /* PlayerViewController.swift */,
				A5E3CA66269EB3080074D26B /* SimplePlayer.swift */,
			);
			path = Player;
			sourceTree = "<group>";
		};
		A5A574CA26936AE700077249 /* Track */ = {
			isa = PBXGroup;
			children = (
				A5A574DA26938BF600077249 /* TrackManager.swift */,
				A535A0C52695ECEB00713165 /* ExtensionAVPlayerItem.swift */,
				A535A0C32695EB7F00713165 /* Track.swift */,
			);
			path = Track;
			sourceTree = "<group>";
		};
		A5A574CB26936B0200077249 /* Style */ = {
			isa = PBXGroup;
			children = (
			);
			path = Style;
			sourceTree = "<group>";
		};
/* End PBXGroup section */

/* Begin PBXNativeTarget section */
		A5A574B026931F5200077249 /* ios9StMusicApp */ = {
			isa = PBXNativeTarget;
			buildConfigurationList = A5A574C526931F5300077249 /* Build configuration list for PBXNativeTarget "ios9StMusicApp" */;
			buildPhases = (
				A5A574AD26931F5200077249 /* Sources */,
				A5A574AE26931F5200077249 /* Frameworks */,
				A5A574AF26931F5200077249 /* Resources */,
			);
			buildRules = (
			);
			dependencies = (
			);
			name = ios9StMusicApp;
			productName = ios9StMusicApp;
			productReference = A5A574B126931F5200077249 /* ios9StMusicApp.app */;
			productType = "com.apple.product-type.application";
		};
/* End PBXNativeTarget section */

/* Begin PBXProject section */
		A5A574A926931F5200077249 /* Project object */ = {
			isa = PBXProject;
			attributes = {
				LastSwiftUpdateCheck = 1250;
				LastUpgradeCheck = 1250;
				TargetAttributes = {
					A5A574B026931F5200077249 = {
						CreatedOnToolsVersion = 12.5.1;
					};
				};
			};
			buildConfigurationList = A5A574AC26931F5200077249 /* Build configuration list for PBXProject "ios9StMusicApp" */;
			compatibilityVersion = "Xcode 9.3";
			developmentRegion = en;
			hasScannedForEncodings = 0;
			knownRegions = (
				en,
				Base,
			);
			mainGroup = A5A574A826931F5200077249;
			productRefGroup = A5A574B226931F5200077249 /* Products */;
			projectDirPath = "";
			projectRoot = "";
			targets = (
				A5A574B026931F5200077249 /* ios9StMusicApp */,
			);
		};
/* End PBXProject section */

/* Begin PBXResourcesBuildPhase section */
		A5A574AF26931F5200077249 /* Resources */ = {
			isa = PBXResourcesBuildPhase;
			buildActionMask = 2147483647;
			files = (
				A535A0BF2695DB7200713165 /* 보아 (BoA)-04-Shattered-320.mp3 in Resources */,
				A535A0C22695DB7200713165 /* 01. Rain.mp3 in Resources */,
				A535A0AF2695DB7200713165 /* 06 Good Thing.mp3 in Resources */,
				A535A0B62695DB7200713165 /* 보아 (BoA)-05-Fox-320.mp3 in Resources */,
				A5A574C126931F5300077249 /* LaunchScreen.storyboard in Resources */,
				A535A0B42695DB7200713165 /* 04 Hands on Me.mp3 in Resources */,
				A5E71B6F269C4612009F81E0 /* 이 여름 Summer_쿨_Forever Cool 10th.mp3 in Resources */,
				A535A0B92695DB7200713165 /* 보아 (BoA)-01-Kiss My Lips-320.mp3 in Resources */,
				A535A0B82695DB7200713165 /* 07 Night.mp3 in Resources */,
				A535A0B72695DB7200713165 /* 보아 (BoA)-09-Love and Hate-320.mp3 in Resources */,
				A535A0B32695DB7200713165 /* f(x) - 4 Walls [FRNK of XXX Remix].mp3 in Resources */,
				A535A0B12695DB7200713165 /* 보아 (BoA)-11-Hello-320.mp3 in Resources */,
				A5E3CA63269EB2960074D26B /* Player.storyboard in Resources */,
				A535A0B02695DB7200713165 /* 보아 (BoA)-10-Green Light-320.mp3 in Resources */,
				A535A0BC2695DB7200713165 /* f(x) - 4 Walls [250 Remix].mp3 in Resources */,
				A535A0B52695DB7200713165 /* f(x) - 4 Walls [250 Blue Remix].mp3 in Resources */,
				A535A0BA2695DB7200713165 /* 보아 (BoA)-02-Who Are You (Feat. 개코)-320.mp3 in Resources */,
				A535A0972695BD2D00713165 /* Main.storyboard in Resources */,
				A535A0B22695DB7200713165 /* 보아 (BoA)-06-Double Jack (Feat. 에디킴)-320.mp3 in Resources */,
				A5A574BE26931F5300077249 /* Assets.xcassets in Resources */,
				A535A0C02695DB7200713165 /* 01 Why.mp3 in Resources */,
				A535A0BE2695DB7200713165 /* 보아 (BoA)-03-Smash-320.mp3 in Resources */,
				A535A0C12695DB7200713165 /* 보아 (BoA)-12-Blah-320.mp3 in Resources */,
				A535A0BB2695DB7200713165 /* 보아 (BoA)-08-Clockwork-320.mp3 in Resources */,
				A535A0BD2695DB7200713165 /* 보아 (BoA)-07-Home-320.mp3 in Resources */,
			);
			runOnlyForDeploymentPostprocessing = 0;
		};
/* End PBXResourcesBuildPhase section */

/* Begin PBXSourcesBuildPhase section */
		A5A574AD26931F5200077249 /* Sources */ = {
			isa = PBXSourcesBuildPhase;
			buildActionMask = 2147483647;
			files = (
				A535A0C82695F66A00713165 /* TrackCollectionViewHeader.swift in Sources */,
				A535A0C62695ECEB00713165 /* ExtensionAVPlayerItem.swift in Sources */,
				A5A574B926931F5200077249 /* HomeViewController.swift in Sources */,
				A535A0CA2695F68600713165 /* TrackTableViewCell.swift in Sources */,
				A5E3CA67269EB3080074D26B /* SimplePlayer.swift in Sources */,
				A535A0C42695EB7F00713165 /* Track.swift in Sources */,
				A5E3CA65269EB2CC0074D26B /* PlayerViewController.swift in Sources */,
				A5A574DB26938BF600077249 /* TrackManager.swift in Sources */,
				A5A574B526931F5200077249 /* AppDelegate.swift in Sources */,
				A5A574B726931F5200077249 /* SceneDelegate.swift in Sources */,
			);
			runOnlyForDeploymentPostprocessing = 0;
		};
/* End PBXSourcesBuildPhase section */

/* Begin PBXVariantGroup section */
		A5A574BF26931F5300077249 /* LaunchScreen.storyboard */ = {
			isa = PBXVariantGroup;
			children = (
				A5A574C026931F5300077249 /* Base */,
			);
			name = LaunchScreen.storyboard;
			sourceTree = "<group>";
		};
/* End PBXVariantGroup section */

/* Begin XCBuildConfiguration section */
		A5A574C326931F5300077249 /* Debug */ = {
			isa = XCBuildConfiguration;
			buildSettings = {
				ALWAYS_SEARCH_USER_PATHS = NO;
				CLANG_ANALYZER_NONNULL = YES;
				CLANG_ANALYZER_NUMBER_OBJECT_CONVERSION = YES_AGGRESSIVE;
				CLANG_CXX_LANGUAGE_STANDARD = "gnu++14";
				CLANG_CXX_LIBRARY = "libc++";
				CLANG_ENABLE_MODULES = YES;
				CLANG_ENABLE_OBJC_ARC = YES;
				CLANG_ENABLE_OBJC_WEAK = YES;
				CLANG_WARN_BLOCK_CAPTURE_AUTORELEASING = YES;
				CLANG_WARN_BOOL_CONVERSION = YES;
				CLANG_WARN_COMMA = YES;
				CLANG_WARN_CONSTANT_CONVERSION = YES;
				CLANG_WARN_DEPRECATED_OBJC_IMPLEMENTATIONS = YES;
				CLANG_WARN_DIRECT_OBJC_ISA_USAGE = YES_ERROR;
				CLANG_WARN_DOCUMENTATION_COMMENTS = YES;
				CLANG_WARN_EMPTY_BODY = YES;
				CLANG_WARN_ENUM_CONVERSION = YES;
				CLANG_WARN_INFINITE_RECURSION = YES;
				CLANG_WARN_INT_CONVERSION = YES;
				CLANG_WARN_NON_LITERAL_NULL_CONVERSION = YES;
				CLANG_WARN_OBJC_IMPLICIT_RETAIN_SELF = YES;
				CLANG_WARN_OBJC_LITERAL_CONVERSION = YES;
				CLANG_WARN_OBJC_ROOT_CLASS = YES_ERROR;
				CLANG_WARN_QUOTED_INCLUDE_IN_FRAMEWORK_HEADER = YES;
				CLANG_WARN_RANGE_LOOP_ANALYSIS = YES;
				CLANG_WARN_STRICT_PROTOTYPES = YES;
				CLANG_WARN_SUSPICIOUS_MOVE = YES;
				CLANG_WARN_UNGUARDED_AVAILABILITY = YES_AGGRESSIVE;
				CLANG_WARN_UNREACHABLE_CODE = YES;
				CLANG_WARN__DUPLICATE_METHOD_MATCH = YES;
				COPY_PHASE_STRIP = NO;
				DEBUG_INFORMATION_FORMAT = dwarf;
				ENABLE_STRICT_OBJC_MSGSEND = YES;
				ENABLE_TESTABILITY = YES;
				GCC_C_LANGUAGE_STANDARD = gnu11;
				GCC_DYNAMIC_NO_PIC = NO;
				GCC_NO_COMMON_BLOCKS = YES;
				GCC_OPTIMIZATION_LEVEL = 0;
				GCC_PREPROCESSOR_DEFINITIONS = (
					"DEBUG=1",
					"$(inherited)",
				);
				GCC_WARN_64_TO_32_BIT_CONVERSION = YES;
				GCC_WARN_ABOUT_RETURN_TYPE = YES_ERROR;
				GCC_WARN_UNDECLARED_SELECTOR = YES;
				GCC_WARN_UNINITIALIZED_AUTOS = YES_AGGRESSIVE;
				GCC_WARN_UNUSED_FUNCTION = YES;
				GCC_WARN_UNUSED_VARIABLE = YES;
				IPHONEOS_DEPLOYMENT_TARGET = 13.0;
				MTL_ENABLE_DEBUG_INFO = INCLUDE_SOURCE;
				MTL_FAST_MATH = YES;
				ONLY_ACTIVE_ARCH = YES;
				SDKROOT = iphoneos;
				SWIFT_ACTIVE_COMPILATION_CONDITIONS = DEBUG;
				SWIFT_OPTIMIZATION_LEVEL = "-Onone";
			};
			name = Debug;
		};
		A5A574C426931F5300077249 /* Release */ = {
			isa = XCBuildConfiguration;
			buildSettings = {
				ALWAYS_SEARCH_USER_PATHS = NO;
				CLANG_ANALYZER_NONNULL = YES;
				CLANG_ANALYZER_NUMBER_OBJECT_CONVERSION = YES_AGGRESSIVE;
				CLANG_CXX_LANGUAGE_STANDARD = "gnu++14";
				CLANG_CXX_LIBRARY = "libc++";
				CLANG_ENABLE_MODULES = YES;
				CLANG_ENABLE_OBJC_ARC = YES;
				CLANG_ENABLE_OBJC_WEAK = YES;
				CLANG_WARN_BLOCK_CAPTURE_AUTORELEASING = YES;
				CLANG_WARN_BOOL_CONVERSION = YES;
				CLANG_WARN_COMMA = YES;
				CLANG_WARN_CONSTANT_CONVERSION = YES;
				CLANG_WARN_DEPRECATED_OBJC_IMPLEMENTATIONS = YES;
				CLANG_WARN_DIRECT_OBJC_ISA_USAGE = YES_ERROR;
				CLANG_WARN_DOCUMENTATION_COMMENTS = YES;
				CLANG_WARN_EMPTY_BODY = YES;
				CLANG_WARN_ENUM_CONVERSION = YES;
				CLANG_WARN_INFINITE_RECURSION = YES;
				CLANG_WARN_INT_CONVERSION = YES;
				CLANG_WARN_NON_LITERAL_NULL_CONVERSION = YES;
				CLANG_WARN_OBJC_IMPLICIT_RETAIN_SELF = YES;
				CLANG_WARN_OBJC_LITERAL_CONVERSION = YES;
				CLANG_WARN_OBJC_ROOT_CLASS = YES_ERROR;
				CLANG_WARN_QUOTED_INCLUDE_IN_FRAMEWORK_HEADER = YES;
				CLANG_WARN_RANGE_LOOP_ANALYSIS = YES;
				CLANG_WARN_STRICT_PROTOTYPES = YES;
				CLANG_WARN_SUSPICIOUS_MOVE = YES;
				CLANG_WARN_UNGUARDED_AVAILABILITY = YES_AGGRESSIVE;
				CLANG_WARN_UNREACHABLE_CODE = YES;
				CLANG_WARN__DUPLICATE_METHOD_MATCH = YES;
				COPY_PHASE_STRIP = NO;
				DEBUG_INFORMATION_FORMAT = "dwarf-with-dsym";
				ENABLE_NS_ASSERTIONS = NO;
				ENABLE_STRICT_OBJC_MSGSEND = YES;
				GCC_C_LANGUAGE_STANDARD = gnu11;
				GCC_NO_COMMON_BLOCKS = YES;
				GCC_WARN_64_TO_32_BIT_CONVERSION = YES;
				GCC_WARN_ABOUT_RETURN_TYPE = YES_ERROR;
				GCC_WARN_UNDECLARED_SELECTOR = YES;
				GCC_WARN_UNINITIALIZED_AUTOS = YES_AGGRESSIVE;
				GCC_WARN_UNUSED_FUNCTION = YES;
				GCC_WARN_UNUSED_VARIABLE = YES;
				IPHONEOS_DEPLOYMENT_TARGET = 13.0;
				MTL_ENABLE_DEBUG_INFO = NO;
				MTL_FAST_MATH = YES;
				SDKROOT = iphoneos;
				SWIFT_COMPILATION_MODE = wholemodule;
				SWIFT_OPTIMIZATION_LEVEL = "-O";
				VALIDATE_PRODUCT = YES;
			};
			name = Release;
		};
		A5A574C626931F5300077249 /* Debug */ = {
			isa = XCBuildConfiguration;
			buildSettings = {
				ASSETCATALOG_COMPILER_APPICON_NAME = AppIcon;
				ASSETCATALOG_COMPILER_GLOBAL_ACCENT_COLOR_NAME = AccentColor;
				CODE_SIGN_STYLE = Automatic;
				DEVELOPMENT_TEAM = U27URF7CD4;
				"EXCLUDED_ARCHS[sdk=iphonesimulator*]" = arm64;
				INFOPLIST_FILE = ios9StMusicApp/Info.plist;
				LD_RUNPATH_SEARCH_PATHS = (
					"$(inherited)",
					"@executable_path/Frameworks",
				);
				PRODUCT_BUNDLE_IDENTIFIER = hyeon.ch.ios9StMusicApp;
				PRODUCT_NAME = "$(TARGET_NAME)";
				SWIFT_VERSION = 5.0;
				TARGETED_DEVICE_FAMILY = "1,2";
				VALIDATE_PRODUCT = YES;
			};
			name = Debug;
		};
		A5A574C726931F5300077249 /* Release */ = {
			isa = XCBuildConfiguration;
			buildSettings = {
				ASSETCATALOG_COMPILER_APPICON_NAME = AppIcon;
				ASSETCATALOG_COMPILER_GLOBAL_ACCENT_COLOR_NAME = AccentColor;
				CODE_SIGN_STYLE = Automatic;
				DEVELOPMENT_TEAM = U27URF7CD4;
				INFOPLIST_FILE = ios9StMusicApp/Info.plist;
				LD_RUNPATH_SEARCH_PATHS = (
					"$(inherited)",
					"@executable_path/Frameworks",
				);
				PRODUCT_BUNDLE_IDENTIFIER = hyeon.ch.ios9StMusicApp;
				PRODUCT_NAME = "$(TARGET_NAME)";
				SWIFT_VERSION = 5.0;
				TARGETED_DEVICE_FAMILY = "1,2";
				VALIDATE_PRODUCT = YES;
			};
			name = Release;
		};
/* End XCBuildConfiguration section */

/* Begin XCConfigurationList section */
		A5A574AC26931F5200077249 /* Build configuration list for PBXProject "ios9StMusicApp" */ = {
			isa = XCConfigurationList;
			buildConfigurations = (
				A5A574C326931F5300077249 /* Debug */,
				A5A574C426931F5300077249 /* Release */,
			);
			defaultConfigurationIsVisible = 0;
			defaultConfigurationName = Release;
		};
		A5A574C526931F5300077249 /* Build configuration list for PBXNativeTarget "ios9StMusicApp" */ = {
			isa = XCConfigurationList;
			buildConfigurations = (
				A5A574C626931F5300077249 /* Debug */,
				A5A574C726931F5300077249 /* Release */,
			);
			defaultConfigurationIsVisible = 0;
			defaultConfigurationName = Release;
		};
/* End XCConfigurationList section */
	};
	rootObject = A5A574A926931F5200077249 /* Project object */;
}
